
Microsoft Visual Studio Solution File, Format Version 12.00
# Visual Studio Version 16
VisualStudioVersion = 16.0.30204.135
MinimumVisualStudioVersion = 10.0.40219.1
Project("{9A19103F-16F7-4668-BE54-9A1E7A4F7556}") = "TestSignalRWebApi", "TestSignalRWebApi\TestSignalRWebApi.csproj", "{3D01BD76-E46A-42FF-A95B-E92CBECA751C}"
EndProject
Global
	GlobalSection(SolutionConfigurationPlatforms) = preSolution
		Debug|Any CPU = Debug|Any CPU
		Release|Any CPU = Release|Any CPU
	EndGlobalSection
	GlobalSection(ProjectConfigurationPlatforms) = postSolution
		{3D01BD76-E46A-42FF-A95B-E92CBECA751C}.Debug|Any CPU.ActiveCfg = Debug|Any CPU
		{3D01BD76-E46A-42FF-A95B-E92CBECA751C}.Debug|Any CPU.Build.0 = Debug|Any CPU
		{3D01BD76-E46A-42FF-A95B-E92CBECA751C}.Release|Any CPU.ActiveCfg = Release|Any CPU
		{3D01BD76-E46A-42FF-A95B-E92CBECA751C}.Release|Any CPU.Build.0 = Release|Any CPU
	EndGlobalSection
	GlobalSection(SolutionProperties) = preSolution
		HideSolutionNode = FALSE
	EndGlobalSection
	GlobalSection(ExtensibilityGlobals) = postSolution
		SolutionGuid = {90936DAE-FF0E-4668-9EE7-984743535B05}
	EndGlobalSection
EndGlobal
